github.com/lrstanley/girc v0.0.0-20230303230257-fefe1cab7695 h1:ZXnErVEOkeYoA/EyQvwuHAi1nrD+GBIlKS5Q0WS+lC8=
github.com/lrstanley/girc v0.0.0-20230303230257-fefe1cab7695/go.mod h1:lgrnhcF8bg/Bd5HA5DOb4Z+uGqUqGnp4skr+J2GwVgI=
github.com/sashabaranov/go-openai v1.5.4 h1:I2K7JMIx/EC/mwT2fbypBzJ3OtwKNxaFg4jf3KOvXuc=
github.com/sashabaranov/go-openai v1.5.4/go.mod h1:lj5b/K+zjTSFxVLijLSTDZuP7adOgerWeFyZLUhAKRg=
